
Microsoft Visual Studio Solution File, Format Version 12.00
# Visual Studio Version 17
VisualStudioVersion = 17.3.32901.215
MinimumVisualStudioVersion = 10.0.40219.1
Project("{FAE04EC0-301F-11D3-BF4B-00C04F79EFBC}") = "ConsoleApp17", "ConsoleApp17\ConsoleApp17.csproj", "{779D4E5D-0857-455C-A0AA-0A895AE4EAD0}"
EndProject
Global
	GlobalSection(SolutionConfigurationPlatforms) = preSolution
		Debug|Any CPU = Debug|Any CPU
		Release|Any CPU = Release|Any CPU
	EndGlobalSection
	GlobalSection(ProjectConfigurationPlatforms) = postSolution
		{779D4E5D-0857-455C-A0AA-0A895AE4EAD0}.Debug|Any CPU.ActiveCfg = Debug|Any CPU
		{779D4E5D-0857-455C-A0AA-0A895AE4EAD0}.Debug|Any CPU.Build.0 = Debug|Any CPU
		{779D4E5D-0857-455C-A0AA-0A895AE4EAD0}.Release|Any CPU.ActiveCfg = Release|Any CPU
		{779D4E5D-0857-455C-A0AA-0A895AE4EAD0}.Release|Any CPU.Build.0 = Release|Any CPU
	EndGlobalSection
	GlobalSection(SolutionProperties) = preSolution
		HideSolutionNode = FALSE
	EndGlobalSection
	GlobalSection(ExtensibilityGlobals) = postSolution
		SolutionGuid = {1A99111B-FA63-40EF-9F27-0C89F8F1B652}
	EndGlobalSection
EndGlobal
